
Microsoft Visual Studio Solution File, Format Version 12.00
# Visual Studio Version 17
VisualStudioVersion = 17.1.32328.378
MinimumVisualStudioVersion = 10.0.40219.1
Project("{FAE04EC0-301F-11D3-BF4B-00C04F79EFBC}") = "WindowsFormsApp5", "WindowsFormsApp5\WindowsFormsApp5.csproj", "{FAA87BA3-325B-44D1-A395-E67E59961A08}"
EndProject
Global
	GlobalSection(SolutionConfigurationPlatforms) = preSolution
		Debug|Any CPU = Debug|Any CPU
		Release|Any CPU = Release|Any CPU
	EndGlobalSection
	GlobalSection(ProjectConfigurationPlatforms) = postSolution
		{FAA87BA3-325B-44D1-A395-E67E59961A08}.Debug|Any CPU.ActiveCfg = Debug|Any CPU
		{FAA87BA3-325B-44D1-A395-E67E59961A08}.Debug|Any CPU.Build.0 = Debug|Any CPU
		{FAA87BA3-325B-44D1-A395-E67E59961A08}.Release|Any CPU.ActiveCfg = Release|Any CPU
		{FAA87BA3-325B-44D1-A395-E67E59961A08}.Release|Any CPU.Build.0 = Release|Any CPU
	EndGlobalSection
	GlobalSection(SolutionProperties) = preSolution
		HideSolutionNode = FALSE
	EndGlobalSection
	GlobalSection(ExtensibilityGlobals) = postSolution
		SolutionGuid = {260ED01C-86C3-46D4-A656-86C05A945790}
	EndGlobalSection
EndGlobal
